
Microsoft Visual Studio Solution File, Format Version 12.00
# Visual Studio 2015
Project("{FAE04EC0-301F-11D3-BF4B-00C04F79EFBC}") = "project1.Plugins", "project1.Plugins.csproj", "{446FE949-35B7-9520-80D4-B6E3EAB6DFB8}"
EndProject
Project("{FAE04EC0-301F-11D3-BF4B-00C04F79EFBC}") = "project1", "project1.csproj", "{E6C74484-8249-D12D-EED3-6282E4B3A839}"
EndProject
Project("{FAE04EC0-301F-11D3-BF4B-00C04F79EFBC}") = "project1.Editor", "project1.Editor.csproj", "{A4F6207C-2471-7DD7-013C-56C103094D77}"
EndProject
Global
	GlobalSection(SolutionConfigurationPlatforms) = preSolution
		Debug|Any CPU = Debug|Any CPU
		Release|Any CPU = Release|Any CPU
	EndGlobalSection
	GlobalSection(ProjectConfigurationPlatforms) = postSolution
		{446FE949-35B7-9520-80D4-B6E3EAB6DFB8}.Debug|Any CPU.ActiveCfg = Debug|Any CPU
		{446FE949-35B7-9520-80D4-B6E3EAB6DFB8}.Debug|Any CPU.Build.0 = Debug|Any CPU
		{446FE949-35B7-9520-80D4-B6E3EAB6DFB8}.Release|Any CPU.ActiveCfg = Release|Any CPU
		{446FE949-35B7-9520-80D4-B6E3EAB6DFB8}.Release|Any CPU.Build.0 = Release|Any CPU
		{E6C74484-8249-D12D-EED3-6282E4B3A839}.Debug|Any CPU.ActiveCfg = Debug|Any CPU
		{E6C74484-8249-D12D-EED3-6282E4B3A839}.Debug|Any CPU.Build.0 = Debug|Any CPU
		{E6C74484-8249-D12D-EED3-6282E4B3A839}.Release|Any CPU.ActiveCfg = Release|Any CPU
		{E6C74484-8249-D12D-EED3-6282E4B3A839}.Release|Any CPU.Build.0 = Release|Any CPU
		{A4F6207C-2471-7DD7-013C-56C103094D77}.Debug|Any CPU.ActiveCfg = Debug|Any CPU
		{A4F6207C-2471-7DD7-013C-56C103094D77}.Debug|Any CPU.Build.0 = Debug|Any CPU
		{A4F6207C-2471-7DD7-013C-56C103094D77}.Release|Any CPU.ActiveCfg = Release|Any CPU
		{A4F6207C-2471-7DD7-013C-56C103094D77}.Release|Any CPU.Build.0 = Release|Any CPU
	EndGlobalSection
	GlobalSection(SolutionProperties) = preSolution
		HideSolutionNode = FALSE
	EndGlobalSection
EndGlobal
